
Microsoft Visual Studio Solution File, Format Version 12.00
# Visual Studio Version 17
VisualStudioVersion = 17.0.32014.148
MinimumVisualStudioVersion = 10.0.40219.1
Project("{9A19103F-16F7-4668-BE54-9A1E7A4F7556}") = "SecureWebAPI", "SecureWebAPI\SecureWebAPI.csproj", "{3156E056-9357-4B94-9F29-F60B0BACEA4D}"
EndProject
Project("{FAE04EC0-301F-11D3-BF4B-00C04F79EFBC}") = "SecureWebAPIClient", "SecureWebAPIClient\SecureWebAPIClient.csproj", "{F3F2B0FC-A991-4B34-9BE9-FB38AA45040A}"
EndProject
Global
	GlobalSection(SolutionConfigurationPlatforms) = preSolution
		Debug|Any CPU = Debug|Any CPU
		Release|Any CPU = Release|Any CPU
	EndGlobalSection
	GlobalSection(ProjectConfigurationPlatforms) = postSolution
		{3156E056-9357-4B94-9F29-F60B0BACEA4D}.Debug|Any CPU.ActiveCfg = Debug|Any CPU
		{3156E056-9357-4B94-9F29-F60B0BACEA4D}.Debug|Any CPU.Build.0 = Debug|Any CPU
		{3156E056-9357-4B94-9F29-F60B0BACEA4D}.Release|Any CPU.ActiveCfg = Release|Any CPU
		{3156E056-9357-4B94-9F29-F60B0BACEA4D}.Release|Any CPU.Build.0 = Release|Any CPU
		{F3F2B0FC-A991-4B34-9BE9-FB38AA45040A}.Debug|Any CPU.ActiveCfg = Debug|Any CPU
		{F3F2B0FC-A991-4B34-9BE9-FB38AA45040A}.Debug|Any CPU.Build.0 = Debug|Any CPU
		{F3F2B0FC-A991-4B34-9BE9-FB38AA45040A}.Release|Any CPU.ActiveCfg = Release|Any CPU
		{F3F2B0FC-A991-4B34-9BE9-FB38AA45040A}.Release|Any CPU.Build.0 = Release|Any CPU
	EndGlobalSection
	GlobalSection(SolutionProperties) = preSolution
		HideSolutionNode = FALSE
	EndGlobalSection
	GlobalSection(ExtensibilityGlobals) = postSolution
		SolutionGuid = {2B5E6F6A-9C06-4986-A3CF-FF7F52E8505E}
	EndGlobalSection
EndGlobal
